// !$*UTF8*$!
{
	archiveVersion = 1;
	classes = {
	};
	objectVersion = 46;
	objects = {

/* Begin PBXBuildFile section */
		049A714319172B7C00BDE51E /* Foundation.framework in Frameworks */ = {isa = PBXBuildFile; fileRef = 049A714219172B7C00BDE51E /* Foundation.framework */; };
		049A714519172B7C00BDE51E /* CoreGraphics.framework in Frameworks */ = {isa = PBXBuildFile; fileRef = 049A714419172B7C00BDE51E /* CoreGraphics.framework */; };
		049A714719172B7C00BDE51E /* UIKit.framework in Frameworks */ = {isa = PBXBuildFile; fileRef = 049A714619172B7C00BDE51E /* UIKit.framework */; };
		049A714D19172B7C00BDE51E /* InfoPlist.strings in Resources */ = {isa = PBXBuildFile; fileRef = 049A714B19172B7C00BDE51E /* InfoPlist.strings */; };
		049A714F19172B7C00BDE51E /* main.m in Sources */ = {isa = PBXBuildFile; fileRef = 049A714E19172B7C00BDE51E /* main.m */; };
		049A715319172B7C00BDE51E /* AppDelegate.m in Sources */ = {isa = PBXBuildFile; fileRef = 049A715219172B7C00BDE51E /* AppDelegate.m */; };
		049A715519172B7C00BDE51E /* Images.xcassets in Resources */ = {isa = PBXBuildFile; fileRef = 049A715419172B7C00BDE51E /* Images.xcassets */; };
		049A715C19172B7C00BDE51E /* XCTest.framework in Frameworks */ = {isa = PBXBuildFile; fileRef = 049A715B19172B7C00BDE51E /* XCTest.framework */; };
		049A715D19172B7C00BDE51E /* Foundation.framework in Frameworks */ = {isa = PBXBuildFile; fileRef = 049A714219172B7C00BDE51E /* Foundation.framework */; };
		049A715E19172B7C00BDE51E /* UIKit.framework in Frameworks */ = {isa = PBXBuildFile; fileRef = 049A714619172B7C00BDE51E /* UIKit.framework */; };
		049A716619172B7C00BDE51E /* InfoPlist.strings in Resources */ = {isa = PBXBuildFile; fileRef = 049A716419172B7C00BDE51E /* InfoPlist.strings */; };
		049A716819172B7C00BDE51E /* SecondTestDemoTests.m in Sources */ = {isa = PBXBuildFile; fileRef = 049A716719172B7C00BDE51E /* SecondTestDemoTests.m */; };
		049A717319172B8700BDE51E /* RootViewController.m in Sources */ = {isa = PBXBuildFile; fileRef = 049A717219172B8700BDE51E /* RootViewController.m */; };
		049A717619172B9200BDE51E /* TestViewController.m in Sources */ = {isa = PBXBuildFile; fileRef = 049A717519172B9200BDE51E /* TestViewController.m */; };
		049A717919172F3600BDE51E /* ThirdViewController.m in Sources */ = {isa = PBXBuildFile; fileRef = 049A717819172F3600BDE51E /* ThirdViewController.m */; };
/* End PBXBuildFile section */

/* Begin PBXContainerItemProxy section */
		049A715F19172B7C00BDE51E /* PBXContainerItemProxy */ = {
			isa = PBXContainerItemProxy;
			containerPortal = 049A713719172B7C00BDE51E /* Project object */;
			proxyType = 1;
			remoteGlobalIDString = 049A713E19172B7C00BDE51E;
			remoteInfo = SecondTestDemo;
		};
/* End PBXContainerItemProxy section */

/* Begin PBXFileReference section */
		049A713F19172B7C00BDE51E /* SecondTestDemo.app */ = {isa = PBXFileReference; explicitFileType = wrapper.application; includeInIndex = 0; path = SecondTestDemo.app; sourceTree = BUILT_PRODUCTS_DIR; };
		049A714219172B7C00BDE51E /* Foundation.framework */ = {isa = PBXFileReference; lastKnownFileType = wrapper.framework; name = Foundation.framework; path = System/Library/Frameworks/Foundation.framework; sourceTree = SDKROOT; };
		049A714419172B7C00BDE51E /* CoreGraphics.framework */ = {isa = PBXFileReference; lastKnownFileType = wrapper.framework; name = CoreGraphics.framework; path = System/Library/Frameworks/CoreGraphics.framework; sourceTree = SDKROOT; };
		049A714619172B7C00BDE51E /* UIKit.framework */ = {isa = PBXFileReference; lastKnownFileType = wrapper.framework; name = UIKit.framework; path = System/Library/Frameworks/UIKit.framework; sourceTree = SDKROOT; };
		049A714A19172B7C00BDE51E /* SecondTestDemo-Info.plist */ = {isa = PBXFileReference; lastKnownFileType = text.plist.xml; path = "SecondTestDemo-Info.plist"; sourceTree = "<group>"; };
		049A714C19172B7C00BDE51E /* en */ = {isa = PBXFileReference; lastKnownFileType = text.plist.strings; name = en; path = en.lproj/InfoPlist.strings; sourceTree = "<group>"; };
		049A714E19172B7C00BDE51E /* main.m */ = {isa = PBXFileReference; lastKnownFileType = sourcecode.c.objc; path = main.m; sourceTree = "<group>"; };
		049A715019172B7C00BDE51E /* SecondTestDemo-Prefix.pch */ = {isa = PBXFileReference; lastKnownFileType = sourcecode.c.h; path = "SecondTestDemo-Prefix.pch"; sourceTree = "<group>"; };
		049A715119172B7C00BDE51E /* AppDelegate.h */ = {isa = PBXFileReference; lastKnownFileType = sourcecode.c.h; path = AppDelegate.h; sourceTree = "<group>"; };
		049A715219172B7C00BDE51E /* AppDelegate.m */ = {isa = PBXFileReference; lastKnownFileType = sourcecode.c.objc; path = AppDelegate.m; sourceTree = "<group>"; };
		049A715419172B7C00BDE51E /* Images.xcassets */ = {isa = PBXFileReference; lastKnownFileType = folder.assetcatalog; path = Images.xcassets; sourceTree = "<group>"; };
		049A715A19172B7C00BDE51E /* SecondTestDemoTests.xctest */ = {isa = PBXFileReference; explicitFileType = wrapper.cfbundle; includeInIndex = 0; path = SecondTestDemoTests.xctest; sourceTree = BUILT_PRODUCTS_DIR; };
		049A715B19172B7C00BDE51E /* XCTest.framework */ = {isa = PBXFileReference; lastKnownFileType = wrapper.framework; name = XCTest.framework; path = Library/Frameworks/XCTest.framework; sourceTree = DEVELOPER_DIR; };
		049A716319172B7C00BDE51E /* SecondTestDemoTests-Info.plist */ = {isa = PBXFileReference; lastKnownFileType = text.plist.xml; path = "SecondTestDemoTests-Info.plist"; sourceTree = "<group>"; };
		049A716519172B7C00BDE51E /* en */ = {isa = PBXFileReference; lastKnownFileType = text.plist.strings; name = en; path = en.lproj/InfoPlist.strings; sourceTree = "<group>"; };
		049A716719172B7C00BDE51E /* SecondTestDemoTests.m */ = {isa = PBXFileReference; lastKnownFileType = sourcecode.c.objc; path = SecondTestDemoTests.m; sourceTree = "<group>"; };
		049A717119172B8700BDE51E /* RootViewController.h */ = {isa = PBXFileReference; fileEncoding = 4; lastKnownFileType = sourcecode.c.h; path = RootViewController.h; sourceTree = "<group>"; };
		049A717219172B8700BDE51E /* RootViewController.m */ = {isa = PBXFileReference; fileEncoding = 4; lastKnownFileType = sourcecode.c.objc; path = RootViewController.m; sourceTree = "<group>"; };
		049A717419172B9200BDE51E /* TestViewController.h */ = {isa = PBXFileReference; fileEncoding = 4; lastKnownFileType = sourcecode.c.h; path = TestViewController.h; sourceTree = "<group>"; };
		049A717519172B9200BDE51E /* TestViewController.m */ = {isa = PBXFileReference; fileEncoding = 4; lastKnownFileType = sourcecode.c.objc; path = TestViewController.m; sourceTree = "<group>"; };
		049A717719172F3600BDE51E /* ThirdViewController.h */ = {isa = PBXFileReference; fileEncoding = 4; lastKnownFileType = sourcecode.c.h; path = ThirdViewController.h; sourceTree = "<group>"; };
		049A717819172F3600BDE51E /* ThirdViewController.m */ = {isa = PBXFileReference; fileEncoding = 4; lastKnownFileType = sourcecode.c.objc; path = ThirdViewController.m; sourceTree = "<group>"; };
/* End PBXFileReference section */

/* Begin PBXFrameworksBuildPhase section */
		049A713C19172B7C00BDE51E /* Frameworks */ = {
			isa = PBXFrameworksBuildPhase;
			buildActionMask = 2147483647;
			files = (
				049A714519172B7C00BDE51E /* CoreGraphics.framework in Frameworks */,
				049A714719172B7C00BDE51E /* UIKit.framework in Frameworks */,
				049A714319172B7C00BDE51E /* Foundation.framework in Frameworks */,
			);
			runOnlyForDeploymentPostprocessing = 0;
		};
		049A715719172B7C00BDE51E /* Frameworks */ = {
			isa = PBXFrameworksBuildPhase;
			buildActionMask = 2147483647;
			files = (
				049A715C19172B7C00BDE51E /* XCTest.framework in Frameworks */,
				049A715E19172B7C00BDE51E /* UIKit.framework in Frameworks */,
				049A715D19172B7C00BDE51E /* Foundation.framework in Frameworks */,
			);
			runOnlyForDeploymentPostprocessing = 0;
		};
/* End PBXFrameworksBuildPhase section */

/* Begin PBXGroup section */
		049A713619172B7C00BDE51E = {
			isa = PBXGroup;
			children = (
				049A714819172B7C00BDE51E /* SecondTestDemo */,
				049A716119172B7C00BDE51E /* SecondTestDemoTests */,
				049A714119172B7C00BDE51E /* Frameworks */,
				049A714019172B7C00BDE51E /* Products */,
			);
			sourceTree = "<group>";
		};
		049A714019172B7C00BDE51E /* Products */ = {
			isa = PBXGroup;
			children = (
				049A713F19172B7C00BDE51E /* SecondTestDemo.app */,
				049A715A19172B7C00BDE51E /* SecondTestDemoTests.xctest */,
			);
			name = Products;
			sourceTree = "<group>";
		};
		049A714119172B7C00BDE51E /* Frameworks */ = {
			isa = PBXGroup;
			children = (
				049A714219172B7C00BDE51E /* Foundation.framework */,
				049A714419172B7C00BDE51E /* CoreGraphics.framework */,
				049A714619172B7C00BDE51E /* UIKit.framework */,
				049A715B19172B7C00BDE51E /* XCTest.framework */,
			);
			name = Frameworks;
			sourceTree = "<group>";
		};
		049A714819172B7C00BDE51E /* SecondTestDemo */ = {
			isa = PBXGroup;
			children = (
				049A715119172B7C00BDE51E /* AppDelegate.h */,
				049A715219172B7C00BDE51E /* AppDelegate.m */,
				049A717119172B8700BDE51E /* RootViewController.h */,
				049A717219172B8700BDE51E /* RootViewController.m */,
				049A717419172B9200BDE51E /* TestViewController.h */,
				049A717519172B9200BDE51E /* TestViewController.m */,
				049A717719172F3600BDE51E /* ThirdViewController.h */,
				049A717819172F3600BDE51E /* ThirdViewController.m */,
				049A715419172B7C00BDE51E /* Images.xcassets */,
				049A714919172B7C00BDE51E /* Supporting Files */,
			);
			path = SecondTestDemo;
			sourceTree = "<group>";
		};
		049A714919172B7C00BDE51E /* Supporting Files */ = {
			isa = PBXGroup;
			children = (
				049A714A19172B7C00BDE51E /* SecondTestDemo-Info.plist */,
				049A714B19172B7C00BDE51E /* InfoPlist.strings */,
				049A714E19172B7C00BDE51E /* main.m */,
				049A715019172B7C00BDE51E /* SecondTestDemo-Prefix.pch */,
			);
			name = "Supporting Files";
			sourceTree = "<group>";
		};
		049A716119172B7C00BDE51E /* SecondTestDemoTests */ = {
			isa = PBXGroup;
			children = (
				049A716719172B7C00BDE51E /* SecondTestDemoTests.m */,
				049A716219172B7C00BDE51E /* Supporting Files */,
			);
			path = SecondTestDemoTests;
			sourceTree = "<group>";
		};
		049A716219172B7C00BDE51E /* Supporting Files */ = {
			isa = PBXGroup;
			children = (
				049A716319172B7C00BDE51E /* SecondTestDemoTests-Info.plist */,
				049A716419172B7C00BDE51E /* InfoPlist.strings */,
			);
			name = "Supporting Files";
			sourceTree = "<group>";
		};
/* End PBXGroup section */

/* Begin PBXNativeTarget section */
		049A713E19172B7C00BDE51E /* SecondTestDemo */ = {
			isa = PBXNativeTarget;
			buildConfigurationList = 049A716B19172B7C00BDE51E /* Build configuration list for PBXNativeTarget "SecondTestDemo" */;
			buildPhases = (
				049A713B19172B7C00BDE51E /* Sources */,
				049A713C19172B7C00BDE51E /* Frameworks */,
				049A713D19172B7C00BDE51E /* Resources */,
			);
			buildRules = (
			);
			dependencies = (
			);
			name = SecondTestDemo;
			productName = SecondTestDemo;
			productReference = 049A713F19172B7C00BDE51E /* SecondTestDemo.app */;
			productType = "com.apple.product-type.application";
		};
		049A715919172B7C00BDE51E /* SecondTestDemoTests */ = {
			isa = PBXNativeTarget;
			buildConfigurationList = 049A716E19172B7C00BDE51E /* Build configuration list for PBXNativeTarget "SecondTestDemoTests" */;
			buildPhases = (
				049A715619172B7C00BDE51E /* Sources */,
				049A715719172B7C00BDE51E /* Frameworks */,
				049A715819172B7C00BDE51E /* Resources */,
			);
			buildRules = (
			);
			dependencies = (
				049A716019172B7C00BDE51E /* PBXTargetDependency */,
			);
			name = SecondTestDemoTests;
			productName = SecondTestDemoTests;
			productReference = 049A715A19172B7C00BDE51E /* SecondTestDemoTests.xctest */;
			productType = "com.apple.product-type.bundle.unit-test";
		};
/* End PBXNativeTarget section */

/* Begin PBXProject section */
		049A713719172B7C00BDE51E /* Project object */ = {
			isa = PBXProject;
			attributes = {
				LastUpgradeCheck = 0510;
				ORGANIZATIONNAME = mac;
				TargetAttributes = {
					049A715919172B7C00BDE51E = {
						TestTargetID = 049A713E19172B7C00BDE51E;
					};
				};
			};
			buildConfigurationList = 049A713A19172B7C00BDE51E /* Build configuration list for PBXProject "SecondTestDemo" */;
			compatibilityVersion = "Xcode 3.2";
			developmentRegion = English;
			hasScannedForEncodings = 0;
			knownRegions = (
				en,
			);
			mainGroup = 049A713619172B7C00BDE51E;
			productRefGroup = 049A714019172B7C00BDE51E /* Products */;
			projectDirPath = "";
			projectRoot = "";
			targets = (
				049A713E19172B7C00BDE51E /* SecondTestDemo */,
				049A715919172B7C00BDE51E /* SecondTestDemoTests */,
			);
		};
/* End PBXProject section */

/* Begin PBXResourcesBuildPhase section */
		049A713D19172B7C00BDE51E /* Resources */ = {
			isa = PBXResourcesBuildPhase;
			buildActionMask = 2147483647;
			files = (
				049A714D19172B7C00BDE51E /* InfoPlist.strings in Resources */,
				049A715519172B7C00BDE51E /* Images.xcassets in Resources */,
			);
			runOnlyForDeploymentPostprocessing = 0;
		};
		049A715819172B7C00BDE51E /* Resources */ = {
			isa = PBXResourcesBuildPhase;
			buildActionMask = 2147483647;
			files = (
				049A716619172B7C00BDE51E /* InfoPlist.strings in Resources */,
			);
			runOnlyForDeploymentPostprocessing = 0;
		};
/* End PBXResourcesBuildPhase section */

/* Begin PBXSourcesBuildPhase section */
		049A713B19172B7C00BDE51E /* Sources */ = {
			isa = PBXSourcesBuildPhase;
			buildActionMask = 2147483647;
			files = (
				049A715319172B7C00BDE51E /* AppDelegate.m in Sources */,
				049A717919172F3600BDE51E /* ThirdViewController.m in Sources */,
				049A714F19172B7C00BDE51E /* main.m in Sources */,
				049A717619172B9200BDE51E /* TestViewController.m in Sources */,
				049A717319172B8700BDE51E /* RootViewController.m in Sources */,
			);
			runOnlyForDeploymentPostprocessing = 0;
		};
		049A715619172B7C00BDE51E /* Sources */ = {
			isa = PBXSourcesBuildPhase;
			buildActionMask = 2147483647;
			files = (
				049A716819172B7C00BDE51E /* SecondTestDemoTests.m in Sources */,
			);
			runOnlyForDeploymentPostprocessing = 0;
		};
/* End PBXSourcesBuildPhase section */

/* Begin PBXTargetDependency section */
		049A716019172B7C00BDE51E /* PBXTargetDependency */ = {
			isa = PBXTargetDependency;
			target = 049A713E19172B7C00BDE51E /* SecondTestDemo */;
			targetProxy = 049A715F19172B7C00BDE51E /* PBXContainerItemProxy */;
		};
/* End PBXTargetDependency section */

/* Begin PBXVariantGroup section */
		049A714B19172B7C00BDE51E /* InfoPlist.strings */ = {
			isa = PBXVariantGroup;
			children = (
				049A714C19172B7C00BDE51E /* en */,
			);
			name = InfoPlist.strings;
			sourceTree = "<group>";
		};
		049A716419172B7C00BDE51E /* InfoPlist.strings */ = {
			isa = PBXVariantGroup;
			children = (
				049A716519172B7C00BDE51E /* en */,
			);
			name = InfoPlist.strings;
			sourceTree = "<group>";
		};
/* End PBXVariantGroup section */

/* Begin XCBuildConfiguration section */
		049A716919172B7C00BDE51E /* Debug */ = {
			isa = XCBuildConfiguration;
			buildSettings = {
				ALWAYS_SEARCH_USER_PATHS = NO;
				CLANG_CXX_LANGUAGE_STANDARD = "gnu++0x";
				CLANG_CXX_LIBRARY = "libc++";
				CLANG_ENABLE_MODULES = YES;
				CLANG_ENABLE_OBJC_ARC = YES;
				CLANG_WARN_BOOL_CONVERSION = YES;
				CLANG_WARN_CONSTANT_CONVERSION = YES;
				CLANG_WARN_DIRECT_OBJC_ISA_USAGE = YES_ERROR;
				CLANG_WARN_EMPTY_BODY = YES;
				CLANG_WARN_ENUM_CONVERSION = YES;
				CLANG_WARN_INT_CONVERSION = YES;
				CLANG_WARN_OBJC_ROOT_CLASS = YES_ERROR;
				CLANG_WARN__DUPLICATE_METHOD_MATCH = YES;
				"CODE_SIGN_IDENTITY[sdk=iphoneos*]" = "iPhone Developer";
				COPY_PHASE_STRIP = NO;
				GCC_C_LANGUAGE_STANDARD = gnu99;
				GCC_DYNAMIC_NO_PIC = NO;
				GCC_OPTIMIZATION_LEVEL = 0;
				GCC_PREPROCESSOR_DEFINITIONS = (
					"DEBUG=1",
					"$(inherited)",
				);
				GCC_SYMBOLS_PRIVATE_EXTERN = NO;
				GCC_WARN_64_TO_32_BIT_CONVERSION = YES;
				GCC_WARN_ABOUT_RETURN_TYPE = YES_ERROR;
				GCC_WARN_UNDECLARED_SELECTOR = YES;
				GCC_WARN_UNINITIALIZED_AUTOS = YES_AGGRESSIVE;
				GCC_WARN_UNUSED_FUNCTION = YES;
				GCC_WARN_UNUSED_VARIABLE = YES;
				IPHONEOS_DEPLOYMENT_TARGET = 6.1;
				ONLY_ACTIVE_ARCH = YES;
				SDKROOT = iphoneos;
			};
			name = Debug;
		};
		049A716A19172B7C00BDE51E /* Release */ = {
			isa = XCBuildConfiguration;
			buildSettings = {
				ALWAYS_SEARCH_USER_PATHS = NO;
				CLANG_CXX_LANGUAGE_STANDARD = "gnu++0x";
				CLANG_CXX_LIBRARY = "libc++";
				CLANG_ENABLE_MODULES = YES;
				CLANG_ENABLE_OBJC_ARC = YES;
				CLANG_WARN_BOOL_CONVERSION = YES;
				CLANG_WARN_CONSTANT_CONVERSION = YES;
				CLANG_WARN_DIRECT_OBJC_ISA_USAGE = YES_ERROR;
				CLANG_WARN_EMPTY_BODY = YES;
				CLANG_WARN_ENUM_CONVERSION = YES;
				CLANG_WARN_INT_CONVERSION = YES;
				CLANG_WARN_OBJC_ROOT_CLASS = YES_ERROR;
				CLANG_WARN__DUPLICATE_METHOD_MATCH = YES;
				"CODE_SIGN_IDENTITY[sdk=iphoneos*]" = "iPhone Developer";
				COPY_PHASE_STRIP = YES;
				ENABLE_NS_ASSERTIONS = NO;
				GCC_C_LANGUAGE_STANDARD = gnu99;
				GCC_WARN_64_TO_32_BIT_CONVERSION = YES;
				GCC_WARN_ABOUT_RETURN_TYPE = YES_ERROR;
				GCC_WARN_UNDECLARED_SELECTOR = YES;
				GCC_WARN_UNINITIALIZED_AUTOS = YES_AGGRESSIVE;
				GCC_WARN_UNUSED_FUNCTION = YES;
				GCC_WARN_UNUSED_VARIABLE = YES;
				IPHONEOS_DEPLOYMENT_TARGET = 6.1;
				SDKROOT = iphoneos;
				VALIDATE_PRODUCT = YES;
			};
			name = Release;
		};
		049A716C19172B7C00BDE51E /* Debug */ = {
			isa = XCBuildConfiguration;
			buildSettings = {
				ASSETCATALOG_COMPILER_APPICON_NAME = AppIcon;
				ASSETCATALOG_COMPILER_LAUNCHIMAGE_NAME = LaunchImage;
				GCC_PRECOMPILE_PREFIX_HEADER = YES;
				GCC_PREFIX_HEADER = "SecondTestDemo/SecondTestDemo-Prefix.pch";
				INFOPLIST_FILE = "SecondTestDemo/SecondTestDemo-Info.plist";
				PRODUCT_NAME = "$(TARGET_NAME)";
				WRAPPER_EXTENSION = app;
			};
			name = Debug;
		};
		049A716D19172B7C00BDE51E /* Release */ = {
			isa = XCBuildConfiguration;
			buildSettings = {
				ASSETCATALOG_COMPILER_APPICON_NAME = AppIcon;
				ASSETCATALOG_COMPILER_LAUNCHIMAGE_NAME = LaunchImage;
				GCC_PRECOMPILE_PREFIX_HEADER = YES;
				GCC_PREFIX_HEADER = "SecondTestDemo/SecondTestDemo-Prefix.pch";
				INFOPLIST_FILE = "SecondTestDemo/SecondTestDemo-Info.plist";
				PRODUCT_NAME = "$(TARGET_NAME)";
				WRAPPER_EXTENSION = app;
			};
			name = Release;
		};
		049A716F19172B7C00BDE51E /* Debug */ = {
			isa = XCBuildConfiguration;
			buildSettings = {
				BUNDLE_LOADER = "$(BUILT_PRODUCTS_DIR)/SecondTestDemo.app/SecondTestDemo";
				FRAMEWORK_SEARCH_PATHS = (
					"$(SDKROOT)/Developer/Library/Frameworks",
					"$(inherited)",
					"$(DEVELOPER_FRAMEWORKS_DIR)",
				);
				GCC_PRECOMPILE_PREFIX_HEADER = YES;
				GCC_PREFIX_HEADER = "SecondTestDemo/SecondTestDemo-Prefix.pch";
				GCC_PREPROCESSOR_DEFINITIONS = (
					"DEBUG=1",
					"$(inherited)",
				);
				INFOPLIST_FILE = "SecondTestDemoTests/SecondTestDemoTests-Info.plist";
				PRODUCT_NAME = "$(TARGET_NAME)";
				TEST_HOST = "$(BUNDLE_LOADER)";
				WRAPPER_EXTENSION = xctest;
			};
			name = Debug;
		};
		049A717019172B7C00BDE51E /* Release */ = {
			isa = XCBuildConfiguration;
			buildSettings = {
				BUNDLE_LOADER = "$(BUILT_PRODUCTS_DIR)/SecondTestDemo.app/SecondTestDemo";
				FRAMEWORK_SEARCH_PATHS = (
					"$(SDKROOT)/Developer/Library/Frameworks",
					"$(inherited)",
					"$(DEVELOPER_FRAMEWORKS_DIR)",
				);
				GCC_PRECOMPILE_PREFIX_HEADER = YES;
				GCC_PREFIX_HEADER = "SecondTestDemo/SecondTestDemo-Prefix.pch";
				INFOPLIST_FILE = "SecondTestDemoTests/SecondTestDemoTests-Info.plist";
				PRODUCT_NAME = "$(TARGET_NAME)";
				TEST_HOST = "$(BUNDLE_LOADER)";
				WRAPPER_EXTENSION = xctest;
			};
			name = Release;
		};
/* End XCBuildConfiguration section */

/* Begin XCConfigurationList section */
		049A713A19172B7C00BDE51E /* Build configuration list for PBXProject "SecondTestDemo" */ = {
			isa = XCConfigurationList;
			buildConfigurations = (
				049A716919172B7C00BDE51E /* Debug */,
				049A716A19172B7C00BDE51E /* Release */,
			);
			defaultConfigurationIsVisible = 0;
			defaultConfigurationName = Release;
		};
		049A716B19172B7C00BDE51E /* Build configuration list for PBXNativeTarget "SecondTestDemo" */ = {
			isa = XCConfigurationList;
			buildConfigurations = (
				049A716C19172B7C00BDE51E /* Debug */,
				049A716D19172B7C00BDE51E /* Release */,
			);
			defaultConfigurationIsVisible = 0;
		};
		049A716E19172B7C00BDE51E /* Build configuration list for PBXNativeTarget "SecondTestDemoTests" */ = {
			isa = XCConfigurationList;
			buildConfigurations = (
				049A716F19172B7C00BDE51E /* Debug */,
				049A717019172B7C00BDE51E /* Release */,
			);
			defaultConfigurationIsVisible = 0;
		};
/* End XCConfigurationList section */
	};
	rootObject = 049A713719172B7C00BDE51E /* Project object */;
}
